
Microsoft Visual Studio Solution File, Format Version 12.00
# Visual Studio Version 16
VisualStudioVersion = 16.0.30104.148
MinimumVisualStudioVersion = 10.0.40219.1
Project("{FAE04EC0-301F-11D3-BF4B-00C04F79EFBC}") = "PizzaPlanetConsole.App", "PizzaPlanetConsole.App\PizzaPlanetConsole.App.csproj", "{A362F90F-DD50-4EBC-95BF-FB6FE93CA1CD}"
EndProject
Project("{FAE04EC0-301F-11D3-BF4B-00C04F79EFBC}") = "PizzaPlanetConsole2.DataAccess", "PizzaPlanetConsole2.DataAccess\PizzaPlanetConsole2.DataAccess.csproj", "{32FB05F8-D792-4F2A-BB40-C474B22B894E}"
EndProject
Global
	GlobalSection(SolutionConfigurationPlatforms) = preSolution
		Debug|Any CPU = Debug|Any CPU
		Release|Any CPU = Release|Any CPU
	EndGlobalSection
	GlobalSection(ProjectConfigurationPlatforms) = postSolution
		{A362F90F-DD50-4EBC-95BF-FB6FE93CA1CD}.Debug|Any CPU.ActiveCfg = Debug|Any CPU
		{A362F90F-DD50-4EBC-95BF-FB6FE93CA1CD}.Debug|Any CPU.Build.0 = Debug|Any CPU
		{A362F90F-DD50-4EBC-95BF-FB6FE93CA1CD}.Release|Any CPU.ActiveCfg = Release|Any CPU
		{A362F90F-DD50-4EBC-95BF-FB6FE93CA1CD}.Release|Any CPU.Build.0 = Release|Any CPU
		{32FB05F8-D792-4F2A-BB40-C474B22B894E}.Debug|Any CPU.ActiveCfg = Debug|Any CPU
		{32FB05F8-D792-4F2A-BB40-C474B22B894E}.Debug|Any CPU.Build.0 = Debug|Any CPU
		{32FB05F8-D792-4F2A-BB40-C474B22B894E}.Release|Any CPU.ActiveCfg = Release|Any CPU
		{32FB05F8-D792-4F2A-BB40-C474B22B894E}.Release|Any CPU.Build.0 = Release|Any CPU
	EndGlobalSection
	GlobalSection(SolutionProperties) = preSolution
		HideSolutionNode = FALSE
	EndGlobalSection
	GlobalSection(ExtensibilityGlobals) = postSolution
		SolutionGuid = {A365DA8A-445E-404E-8C90-2E888A8B53AD}
	EndGlobalSection
EndGlobal
